
Microsoft Visual Studio Solution File, Format Version 12.00
# Visual Studio Version 17
VisualStudioVersion = 17.2.32519.379
MinimumVisualStudioVersion = 10.0.40219.1
Project("{FAE04EC0-301F-11D3-BF4B-00C04F79EFBC}") = "JuegoRol", "JuegoRol\JuegoRol.csproj", "{37774BCA-2C6B-4314-8CA3-0787542B1CAE}"
EndProject
Global
	GlobalSection(SolutionConfigurationPlatforms) = preSolution
		Debug|Any CPU = Debug|Any CPU
		Release|Any CPU = Release|Any CPU
	EndGlobalSection
	GlobalSection(ProjectConfigurationPlatforms) = postSolution
		{37774BCA-2C6B-4314-8CA3-0787542B1CAE}.Debug|Any CPU.ActiveCfg = Debug|Any CPU
		{37774BCA-2C6B-4314-8CA3-0787542B1CAE}.Debug|Any CPU.Build.0 = Debug|Any CPU
		{37774BCA-2C6B-4314-8CA3-0787542B1CAE}.Release|Any CPU.ActiveCfg = Release|Any CPU
		{37774BCA-2C6B-4314-8CA3-0787542B1CAE}.Release|Any CPU.Build.0 = Release|Any CPU
	EndGlobalSection
	GlobalSection(SolutionProperties) = preSolution
		HideSolutionNode = FALSE
	EndGlobalSection
	GlobalSection(ExtensibilityGlobals) = postSolution
		SolutionGuid = {CD39763D-C696-43CD-A4FF-8A64D07306E2}
	EndGlobalSection
EndGlobal
